{
  "requires": true,
  "lockfileVersion": 1,
  "dependencies": {
    "geojson-normalize": {
      "version": "0.0.0",
      "resolved": "https://registry.npmjs.org/geojson-normalize/-/geojson-normalize-0.0.0.tgz",
      "integrity": "sha1-Lbw2eM0bMbgXnodr2nDNEg3eNcA="
    },
    "jsts": {
      "version": "1.1.2",
      "resolved": "https://registry.npmjs.org/jsts/-/jsts-1.1.2.tgz",
      "integrity": "sha1-0gXSzIOTCB2eSErjYoIRBpXtwjA="
    },
    "turf-buffer": {
      "version": "3.0.12",
      "resolved": "https://registry.npmjs.org/turf-buffer/-/turf-buffer-3.0.12.tgz",
      "integrity": "sha1-IIQP58aqZ7JL4cq3/8xagv1r2XE=",
      "requires": {
        "geojson-normalize": "0.0.0",
        "jsts": "1.1.2",
        "turf-combine": "3.0.12",
        "turf-helpers": "3.0.12"
      }
    },
    "turf-combine": {
      "version": "3.0.12",
      "resolved": "https://registry.npmjs.org/turf-combine/-/turf-combine-3.0.12.tgz",
      "integrity": "sha1-FnB0bw/c4NHqiqain/5UONRGz3M=",
      "requires": {
        "turf-meta": "3.0.12"
      }
    },
    "turf-helpers": {
      "version": "3.0.12",
      "resolved": "https://registry.npmjs.org/turf-helpers/-/turf-helpers-3.0.12.tgz",
      "integrity": "sha1-3UJy50s618lu7LeuXFf+jspUS3s="
    },
    "turf-inside": {
      "version": "3.0.12",
      "resolved": "https://registry.npmjs.org/turf-inside/-/turf-inside-3.0.12.tgz",
      "integrity": "sha1-m6QPpu7WO+x+fYiqZCdiLE3wcGY=",
      "requires": {
        "turf-invariant": "3.0.12"
      }
    },
    "turf-invariant": {
      "version": "3.0.12",
      "resolved": "https://registry.npmjs.org/turf-invariant/-/turf-invariant-3.0.12.tgz",
      "integrity": "sha1-O5UlOVOZHr2WLdNdT2cEwofejr4="
    },
    "turf-meta": {
      "version": "3.0.12",
      "resolved": "https://registry.npmjs.org/turf-meta/-/turf-meta-3.0.12.tgz",
      "integrity": "sha1-CqmhyvgrKloI1U4IMLW1o/oOijg="
    },
    "turf-within": {
      "version": "3.0.12",
      "resolved": "https://registry.npmjs.org/turf-within/-/turf-within-3.0.12.tgz",
      "integrity": "sha1-937q83cjhWG3+xM4526dEph0H5Q=",
      "requires": {
        "turf-helpers": "3.0.12",
        "turf-inside": "3.0.12"
      }
    }
  }
}
