{
  "requires": true,
  "lockfileVersion": 1,
  "dependencies": {
    "@turf/bearing": {
      "version": "5.1.5",
      "resolved": "https://registry.npmjs.org/@turf/bearing/-/bearing-5.1.5.tgz",
      "integrity": "sha1-egt5ATbE70eX8CRjBdRcvi0ns/c=",
      "requires": {
        "@turf/helpers": "5.1.5",
        "@turf/invariant": "5.2.0"
      }
    },
    "@turf/clone": {
      "version": "5.1.5",
      "resolved": "https://registry.npmjs.org/@turf/clone/-/clone-5.1.5.tgz",
      "integrity": "sha1-JT6NNUdxgZduM636tQoPAqfw42c=",
      "requires": {
        "@turf/helpers": "5.1.5"
      }
    },
    "@turf/distance": {
      "version": "5.1.5",
      "resolved": "https://registry.npmjs.org/@turf/distance/-/distance-5.1.5.tgz",
      "integrity": "sha1-Oc8YIEu/h1h9cH5gmmARiQkVZAk=",
      "requires": {
        "@turf/helpers": "5.1.5",
        "@turf/invariant": "5.2.0"
      }
    },
    "@turf/helpers": {
      "version": "5.1.5",
      "resolved": "https://registry.npmjs.org/@turf/helpers/-/helpers-5.1.5.tgz",
      "integrity": "sha1-FTQFInq5M9AEpbuWQantmZ/L4M8="
    },
    "@turf/invariant": {
      "version": "5.2.0",
      "resolved": "https://registry.npmjs.org/@turf/invariant/-/invariant-5.2.0.tgz",
      "integrity": "sha1-8BUP9ykLOFd7c9CIt5MsHuCqkKc=",
      "requires": {
        "@turf/helpers": "5.1.5"
      }
    },
    "@turf/meta": {
      "version": "5.2.0",
      "resolved": "https://registry.npmjs.org/@turf/meta/-/meta-5.2.0.tgz",
      "integrity": "sha1-OxrUhe4MOwsXdRMqMsOE1T5LpT0=",
      "requires": {
        "@turf/helpers": "5.1.5"
      }
    },
    "@turf/point-to-line-distance": {
      "version": "5.1.5",
      "resolved": "https://registry.npmjs.org/@turf/point-to-line-distance/-/point-to-line-distance-5.1.5.tgz",
      "integrity": "sha1-L+Vp3MmNERFlIqPJk75pXqwG+ik=",
      "requires": {
        "@turf/bearing": "5.1.5",
        "@turf/distance": "5.1.5",
        "@turf/helpers": "5.1.5",
        "@turf/invariant": "5.2.0",
        "@turf/meta": "5.2.0",
        "@turf/projection": "5.1.5",
        "@turf/rhumb-bearing": "5.1.5",
        "@turf/rhumb-distance": "5.1.5"
      }
    },
    "@turf/projection": {
      "version": "5.1.5",
      "resolved": "https://registry.npmjs.org/@turf/projection/-/projection-5.1.5.tgz",
      "integrity": "sha1-JFF+7rLzaBa6n3EueubWo2jt91c=",
      "requires": {
        "@turf/clone": "5.1.5",
        "@turf/helpers": "5.1.5",
        "@turf/meta": "5.2.0"
      }
    },
    "@turf/rhumb-bearing": {
      "version": "5.1.5",
      "resolved": "https://registry.npmjs.org/@turf/rhumb-bearing/-/rhumb-bearing-5.1.5.tgz",
      "integrity": "sha1-rPalAkJ+uMSeGM2mrg7/qwxd3NI=",
      "requires": {
        "@turf/helpers": "5.1.5",
        "@turf/invariant": "5.2.0"
      }
    },
    "@turf/rhumb-distance": {
      "version": "5.1.5",
      "resolved": "https://registry.npmjs.org/@turf/rhumb-distance/-/rhumb-distance-5.1.5.tgz",
      "integrity": "sha1-GAaFdiX0IlOE2tQT5p85U4/192U=",
      "requires": {
        "@turf/helpers": "5.1.5",
        "@turf/invariant": "5.2.0"
      }
    }
  }
}
